
Microsoft Visual Studio Solution File, Format Version 12.00
# Visual Studio 14
VisualStudioVersion = 14.0.25420.1
MinimumVisualStudioVersion = 10.0.40219.1
Project("{FAE04EC0-301F-11D3-BF4B-00C04F79EFBC}") = "cw2-cs", "cw2-cs\cw2-cs.csproj", "{C2DF9FA3-4819-4916-BE73-DC5F440304DD}"
EndProject
Project("{FAE04EC0-301F-11D3-BF4B-00C04F79EFBC}") = "UnitTest", "UnitTest\UnitTest.csproj", "{B46DD0FA-17CE-437F-97FC-D7D477A614B5}"
EndProject
Global
	GlobalSection(SolutionConfigurationPlatforms) = preSolution
		ConnectionString|Any CPU = ConnectionString|Any CPU
		Debug|Any CPU = Debug|Any CPU
		Release|Any CPU = Release|Any CPU
	EndGlobalSection
	GlobalSection(ProjectConfigurationPlatforms) = postSolution
		{C2DF9FA3-4819-4916-BE73-DC5F440304DD}.ConnectionString|Any CPU.ActiveCfg = Debug|Any CPU
		{C2DF9FA3-4819-4916-BE73-DC5F440304DD}.ConnectionString|Any CPU.Build.0 = Debug|Any CPU
		{C2DF9FA3-4819-4916-BE73-DC5F440304DD}.Debug|Any CPU.ActiveCfg = Debug|Any CPU
		{C2DF9FA3-4819-4916-BE73-DC5F440304DD}.Debug|Any CPU.Build.0 = Debug|Any CPU
		{C2DF9FA3-4819-4916-BE73-DC5F440304DD}.Release|Any CPU.ActiveCfg = Release|Any CPU
		{C2DF9FA3-4819-4916-BE73-DC5F440304DD}.Release|Any CPU.Build.0 = Release|Any CPU
		{B46DD0FA-17CE-437F-97FC-D7D477A614B5}.ConnectionString|Any CPU.ActiveCfg = Release|Any CPU
		{B46DD0FA-17CE-437F-97FC-D7D477A614B5}.ConnectionString|Any CPU.Build.0 = Release|Any CPU
		{B46DD0FA-17CE-437F-97FC-D7D477A614B5}.Debug|Any CPU.ActiveCfg = Debug|Any CPU
		{B46DD0FA-17CE-437F-97FC-D7D477A614B5}.Debug|Any CPU.Build.0 = Debug|Any CPU
		{B46DD0FA-17CE-437F-97FC-D7D477A614B5}.Release|Any CPU.ActiveCfg = Release|Any CPU
		{B46DD0FA-17CE-437F-97FC-D7D477A614B5}.Release|Any CPU.Build.0 = Release|Any CPU
	EndGlobalSection
	GlobalSection(SolutionProperties) = preSolution
		HideSolutionNode = FALSE
	EndGlobalSection
EndGlobal
